
Microsoft Visual Studio Solution File, Format Version 10.00
# Visual Studio 2008
Project("{FAE04EC0-301F-11D3-BF4B-00C04F79EFBC}") = "FineCareLisSYS", "FineCareLisSYS\FineCareLisSYS.csproj", "{D7C4D343-86E6-47C7-9EDF-AF3F5BBFEA0F}"
EndProject
Global
	GlobalSection(SolutionConfigurationPlatforms) = preSolution
		Debug|Any CPU = Debug|Any CPU
		Debug|x86 = Debug|x86
		FineCareLisSYS|Any CPU = FineCareLisSYS|Any CPU
		FineCareLisSYS|x86 = FineCareLisSYS|x86
		Release|Any CPU = Release|Any CPU
		Release|x86 = Release|x86
	EndGlobalSection
	GlobalSection(ProjectConfigurationPlatforms) = postSolution
		{D7C4D343-86E6-47C7-9EDF-AF3F5BBFEA0F}.Debug|Any CPU.ActiveCfg = Debug|Any CPU
		{D7C4D343-86E6-47C7-9EDF-AF3F5BBFEA0F}.Debug|Any CPU.Build.0 = Debug|Any CPU
		{D7C4D343-86E6-47C7-9EDF-AF3F5BBFEA0F}.Debug|x86.ActiveCfg = Debug|x86
		{D7C4D343-86E6-47C7-9EDF-AF3F5BBFEA0F}.Debug|x86.Build.0 = Debug|x86
		{D7C4D343-86E6-47C7-9EDF-AF3F5BBFEA0F}.FineCareLisSYS|Any CPU.ActiveCfg = Debug|Any CPU
		{D7C4D343-86E6-47C7-9EDF-AF3F5BBFEA0F}.FineCareLisSYS|Any CPU.Build.0 = Debug|Any CPU
		{D7C4D343-86E6-47C7-9EDF-AF3F5BBFEA0F}.FineCareLisSYS|x86.ActiveCfg = Debug|x86
		{D7C4D343-86E6-47C7-9EDF-AF3F5BBFEA0F}.FineCareLisSYS|x86.Build.0 = Debug|x86
		{D7C4D343-86E6-47C7-9EDF-AF3F5BBFEA0F}.Release|Any CPU.ActiveCfg = Release|Any CPU
		{D7C4D343-86E6-47C7-9EDF-AF3F5BBFEA0F}.Release|Any CPU.Build.0 = Release|Any CPU
		{D7C4D343-86E6-47C7-9EDF-AF3F5BBFEA0F}.Release|x86.ActiveCfg = Release|x86
		{D7C4D343-86E6-47C7-9EDF-AF3F5BBFEA0F}.Release|x86.Build.0 = Release|x86
	EndGlobalSection
	GlobalSection(SolutionProperties) = preSolution
		HideSolutionNode = FALSE
	EndGlobalSection
EndGlobal
